{
  "originHash" : "c50c63362049982dea9f4aa44939df99486e66a53407e0ad635d844f455885bf",
  "pins" : [
    {
      "identity" : "mcp-swift-sdk",
      "kind" : "remoteSourceControl",
      "location" : "https://github.com/adamwulf/mcp-swift-sdk",
      "state" : {
        "branch" : "feature/mcp-template",
        "revision" : "ada5431aad51f00515a730cc2f15b60dcdf26736"
      }
    },
    {
      "identity" : "swift-argument-parser",
      "kind" : "remoteSourceControl",
      "location" : "https://github.com/apple/swift-argument-parser",
      "state" : {
        "revision" : "41982a3656a71c768319979febd796c6fd111d5c",
        "version" : "1.5.0"
      }
    },
    {
      "identity" : "swift-log",
      "kind" : "remoteSourceControl",
      "location" : "https://github.com/apple/swift-log.git",
      "state" : {
        "revision" : "3d8596ed08bd13520157f0355e35caed215ffbfa",
        "version" : "1.6.3"
      }
    },
    {
      "identity" : "swift-system",
      "kind" : "remoteSourceControl",
      "location" : "https://github.com/apple/swift-system.git",
      "state" : {
        "revision" : "a34201439c74b53f0fd71ef11741af7e7caf01e1",
        "version" : "1.4.2"
      }
    }
  ],
  "version" : 3
}
