// !$*UTF8*$!
{
	archiveVersion = 1;
	classes = {
	};
	objectVersion = 77;
	objects = {

/* Begin PBXBuildFile section */
		C55B13A82D87D10B00E77939 /* mcp-helper in Copy Helper Tools */ = {isa = PBXBuildFile; fileRef = C55B139E2D87D0F100E77939 /* mcp-helper */; settings = {ATTRIBUTES = (CodeSignOnCopy, ); }; };
		C55B13B62D87D16600E77939 /* README.md in Resources */ = {isa = PBXBuildFile; fileRef = C55B13B52D87D16100E77939 /* README.md */; };
		C5F326F92D87DC25000D77C6 /* ArgumentParser in Frameworks */ = {isa = PBXBuildFile; productRef = C5F326F82D87DC25000D77C6 /* ArgumentParser */; };
		C5F326FC2D87DC41000D77C6 /* EasyMCP in Frameworks */ = {isa = PBXBuildFile; productRef = C5F326FB2D87DC41000D77C6 /* EasyMCP */; };
/* End PBXBuildFile section */

/* Begin PBXContainerItemProxy section */
		C55B13A52D87D0FE00E77939 /* PBXContainerItemProxy */ = {
			isa = PBXContainerItemProxy;
			containerPortal = C55B13532D87CDAC00E77939 /* Project object */;
			proxyType = 1;
			remoteGlobalIDString = C55B139D2D87D0F100E77939;
			remoteInfo = "mcp-helper";
		};
/* End PBXContainerItemProxy section */

/* Begin PBXCopyFilesBuildPhase section */
		C55B139C2D87D0F100E77939 /* CopyFiles */ = {
			isa = PBXCopyFilesBuildPhase;
			buildActionMask = 2147483647;
			dstPath = /usr/share/man/man1/;
			dstSubfolderSpec = 0;
			files = (
			);
			runOnlyForDeploymentPostprocessing = 1;
		};
		C55B13A72D87D10200E77939 /* Copy Helper Tools */ = {
			isa = PBXCopyFilesBuildPhase;
			buildActionMask = 2147483647;
			dstPath = "";
			dstSubfolderSpec = 6;
			files = (
				C55B13A82D87D10B00E77939 /* mcp-helper in Copy Helper Tools */,
			);
			name = "Copy Helper Tools";
			runOnlyForDeploymentPostprocessing = 0;
		};
/* End PBXCopyFilesBuildPhase section */

/* Begin PBXFileReference section */
		C55B135B2D87CDAC00E77939 /* MCPExample.app */ = {isa = PBXFileReference; explicitFileType = wrapper.application; includeInIndex = 0; path = MCPExample.app; sourceTree = BUILT_PRODUCTS_DIR; };
		C55B139E2D87D0F100E77939 /* mcp-helper */ = {isa = PBXFileReference; explicitFileType = "compiled.mach-o.executable"; includeInIndex = 0; path = "mcp-helper"; sourceTree = BUILT_PRODUCTS_DIR; };
		C55B13B52D87D16100E77939 /* README.md */ = {isa = PBXFileReference; lastKnownFileType = net.daringfireball.markdown; path = README.md; sourceTree = "<group>"; };
/* End PBXFileReference section */

/* Begin PBXFileSystemSynchronizedRootGroup section */
		C55B135D2D87CDAC00E77939 /* MCPExample */ = {
			isa = PBXFileSystemSynchronizedRootGroup;
			path = MCPExample;
			sourceTree = "<group>";
		};
		C55B139F2D87D0F100E77939 /* mcp-helper */ = {
			isa = PBXFileSystemSynchronizedRootGroup;
			path = "mcp-helper";
			sourceTree = "<group>";
		};
/* End PBXFileSystemSynchronizedRootGroup section */

/* Begin PBXFrameworksBuildPhase section */
		C55B13582D87CDAC00E77939 /* Frameworks */ = {
			isa = PBXFrameworksBuildPhase;
			buildActionMask = 2147483647;
			files = (
			);
			runOnlyForDeploymentPostprocessing = 0;
		};
		C55B139B2D87D0F100E77939 /* Frameworks */ = {
			isa = PBXFrameworksBuildPhase;
			buildActionMask = 2147483647;
			files = (
				C5F326F92D87DC25000D77C6 /* ArgumentParser in Frameworks */,
				C5F326FC2D87DC41000D77C6 /* EasyMCP in Frameworks */,
			);
			runOnlyForDeploymentPostprocessing = 0;
		};
/* End PBXFrameworksBuildPhase section */

/* Begin PBXGroup section */
		C55B13522D87CDAC00E77939 = {
			isa = PBXGroup;
			children = (
				C55B135D2D87CDAC00E77939 /* MCPExample */,
				C55B139F2D87D0F100E77939 /* mcp-helper */,
				C55B135C2D87CDAC00E77939 /* Products */,
				C55B13B52D87D16100E77939 /* README.md */,
				C5F326FA2D87DC41000D77C6 /* Frameworks */,
			);
			sourceTree = "<group>";
		};
		C55B135C2D87CDAC00E77939 /* Products */ = {
			isa = PBXGroup;
			children = (
				C55B135B2D87CDAC00E77939 /* MCPExample.app */,
				C55B139E2D87D0F100E77939 /* mcp-helper */,
			);
			name = Products;
			sourceTree = "<group>";
		};
		C5F326FA2D87DC41000D77C6 /* Frameworks */ = {
			isa = PBXGroup;
			children = (
			);
			name = Frameworks;
			sourceTree = "<group>";
		};
/* End PBXGroup section */

/* Begin PBXNativeTarget section */
		C55B135A2D87CDAC00E77939 /* MCPExample */ = {
			isa = PBXNativeTarget;
			buildConfigurationList = C55B136A2D87CDAE00E77939 /* Build configuration list for PBXNativeTarget "MCPExample" */;
			buildPhases = (
				C55B13572D87CDAC00E77939 /* Sources */,
				C55B13582D87CDAC00E77939 /* Frameworks */,
				C55B13592D87CDAC00E77939 /* Resources */,
				C55B13A72D87D10200E77939 /* Copy Helper Tools */,
			);
			buildRules = (
			);
			dependencies = (
				C55B13A62D87D0FE00E77939 /* PBXTargetDependency */,
			);
			fileSystemSynchronizedGroups = (
				C55B135D2D87CDAC00E77939 /* MCPExample */,
			);
			name = MCPExample;
			packageProductDependencies = (
			);
			productName = MCPExample;
			productReference = C55B135B2D87CDAC00E77939 /* MCPExample.app */;
			productType = "com.apple.product-type.application";
		};
		C55B139D2D87D0F100E77939 /* mcp-helper */ = {
			isa = PBXNativeTarget;
			buildConfigurationList = C55B13A42D87D0F100E77939 /* Build configuration list for PBXNativeTarget "mcp-helper" */;
			buildPhases = (
				C55B139A2D87D0F100E77939 /* Sources */,
				C55B139B2D87D0F100E77939 /* Frameworks */,
				C55B139C2D87D0F100E77939 /* CopyFiles */,
			);
			buildRules = (
			);
			dependencies = (
			);
			fileSystemSynchronizedGroups = (
				C55B139F2D87D0F100E77939 /* mcp-helper */,
			);
			name = "mcp-helper";
			packageProductDependencies = (
				C5F326F82D87DC25000D77C6 /* ArgumentParser */,
				C5F326FB2D87DC41000D77C6 /* EasyMCP */,
			);
			productName = "mcp-helper";
			productReference = C55B139E2D87D0F100E77939 /* mcp-helper */;
			productType = "com.apple.product-type.tool";
		};
/* End PBXNativeTarget section */

/* Begin PBXProject section */
		C55B13532D87CDAC00E77939 /* Project object */ = {
			isa = PBXProject;
			attributes = {
				BuildIndependentTargetsInParallel = 1;
				LastSwiftUpdateCheck = 1620;
				LastUpgradeCheck = 1620;
				TargetAttributes = {
					C55B135A2D87CDAC00E77939 = {
						CreatedOnToolsVersion = 16.2;
					};
					C55B139D2D87D0F100E77939 = {
						CreatedOnToolsVersion = 16.2;
					};
				};
			};
			buildConfigurationList = C55B13562D87CDAC00E77939 /* Build configuration list for PBXProject "MCPExample" */;
			developmentRegion = en;
			hasScannedForEncodings = 0;
			knownRegions = (
				en,
				Base,
			);
			mainGroup = C55B13522D87CDAC00E77939;
			minimizedProjectReferenceProxies = 1;
			packageReferences = (
				C55B136D2D87CE7600E77939 /* XCLocalSwiftPackageReference "../../mcp-template" */,
				C5F326F72D87DC25000D77C6 /* XCRemoteSwiftPackageReference "swift-argument-parser" */,
			);
			preferredProjectObjectVersion = 77;
			productRefGroup = C55B135C2D87CDAC00E77939 /* Products */;
			projectDirPath = "";
			projectRoot = "";
			targets = (
				C55B135A2D87CDAC00E77939 /* MCPExample */,
				C55B139D2D87D0F100E77939 /* mcp-helper */,
			);
		};
/* End PBXProject section */

/* Begin PBXResourcesBuildPhase section */
		C55B13592D87CDAC00E77939 /* Resources */ = {
			isa = PBXResourcesBuildPhase;
			buildActionMask = 2147483647;
			files = (
				C55B13B62D87D16600E77939 /* README.md in Resources */,
			);
			runOnlyForDeploymentPostprocessing = 0;
		};
/* End PBXResourcesBuildPhase section */

/* Begin PBXSourcesBuildPhase section */
		C55B13572D87CDAC00E77939 /* Sources */ = {
			isa = PBXSourcesBuildPhase;
			buildActionMask = 2147483647;
			files = (
			);
			runOnlyForDeploymentPostprocessing = 0;
		};
		C55B139A2D87D0F100E77939 /* Sources */ = {
			isa = PBXSourcesBuildPhase;
			buildActionMask = 2147483647;
			files = (
			);
			runOnlyForDeploymentPostprocessing = 0;
		};
/* End PBXSourcesBuildPhase section */

/* Begin PBXTargetDependency section */
		C55B13A62D87D0FE00E77939 /* PBXTargetDependency */ = {
			isa = PBXTargetDependency;
			target = C55B139D2D87D0F100E77939 /* mcp-helper */;
			targetProxy = C55B13A52D87D0FE00E77939 /* PBXContainerItemProxy */;
		};
/* End PBXTargetDependency section */

/* Begin XCBuildConfiguration section */
		C55B13682D87CDAE00E77939 /* Debug */ = {
			isa = XCBuildConfiguration;
			buildSettings = {
				ALWAYS_SEARCH_USER_PATHS = NO;
				ASSETCATALOG_COMPILER_GENERATE_SWIFT_ASSET_SYMBOL_EXTENSIONS = YES;
				CLANG_ANALYZER_NONNULL = YES;
				CLANG_ANALYZER_NUMBER_OBJECT_CONVERSION = YES_AGGRESSIVE;
				CLANG_CXX_LANGUAGE_STANDARD = "gnu++20";
				CLANG_ENABLE_MODULES = YES;
				CLANG_ENABLE_OBJC_ARC = YES;
				CLANG_ENABLE_OBJC_WEAK = YES;
				CLANG_WARN_BLOCK_CAPTURE_AUTORELEASING = YES;
				CLANG_WARN_BOOL_CONVERSION = YES;
				CLANG_WARN_COMMA = YES;
				CLANG_WARN_CONSTANT_CONVERSION = YES;
				CLANG_WARN_DEPRECATED_OBJC_IMPLEMENTATIONS = YES;
				CLANG_WARN_DIRECT_OBJC_ISA_USAGE = YES_ERROR;
				CLANG_WARN_DOCUMENTATION_COMMENTS = YES;
				CLANG_WARN_EMPTY_BODY = YES;
				CLANG_WARN_ENUM_CONVERSION = YES;
				CLANG_WARN_INFINITE_RECURSION = YES;
				CLANG_WARN_INT_CONVERSION = YES;
				CLANG_WARN_NON_LITERAL_NULL_CONVERSION = YES;
				CLANG_WARN_OBJC_IMPLICIT_RETAIN_SELF = YES;
				CLANG_WARN_OBJC_LITERAL_CONVERSION = YES;
				CLANG_WARN_OBJC_ROOT_CLASS = YES_ERROR;
				CLANG_WARN_QUOTED_INCLUDE_IN_FRAMEWORK_HEADER = YES;
				CLANG_WARN_RANGE_LOOP_ANALYSIS = YES;
				CLANG_WARN_STRICT_PROTOTYPES = YES;
				CLANG_WARN_SUSPICIOUS_MOVE = YES;
				CLANG_WARN_UNGUARDED_AVAILABILITY = YES_AGGRESSIVE;
				CLANG_WARN_UNREACHABLE_CODE = YES;
				CLANG_WARN__DUPLICATE_METHOD_MATCH = YES;
				COPY_PHASE_STRIP = NO;
				DEBUG_INFORMATION_FORMAT = dwarf;
				ENABLE_STRICT_OBJC_MSGSEND = YES;
				ENABLE_TESTABILITY = YES;
				ENABLE_USER_SCRIPT_SANDBOXING = YES;
				GCC_C_LANGUAGE_STANDARD = gnu17;
				GCC_DYNAMIC_NO_PIC = NO;
				GCC_NO_COMMON_BLOCKS = YES;
				GCC_OPTIMIZATION_LEVEL = 0;
				GCC_PREPROCESSOR_DEFINITIONS = (
					"DEBUG=1",
					"$(inherited)",
				);
				GCC_WARN_64_TO_32_BIT_CONVERSION = YES;
				GCC_WARN_ABOUT_RETURN_TYPE = YES_ERROR;
				GCC_WARN_UNDECLARED_SELECTOR = YES;
				GCC_WARN_UNINITIALIZED_AUTOS = YES_AGGRESSIVE;
				GCC_WARN_UNUSED_FUNCTION = YES;
				GCC_WARN_UNUSED_VARIABLE = YES;
				LOCALIZATION_PREFERS_STRING_CATALOGS = YES;
				MACOSX_DEPLOYMENT_TARGET = 15.2;
				MTL_ENABLE_DEBUG_INFO = INCLUDE_SOURCE;
				MTL_FAST_MATH = YES;
				ONLY_ACTIVE_ARCH = YES;
				SDKROOT = macosx;
				SWIFT_ACTIVE_COMPILATION_CONDITIONS = "DEBUG $(inherited)";
				SWIFT_OPTIMIZATION_LEVEL = "-Onone";
			};
			name = Debug;
		};
		C55B13692D87CDAE00E77939 /* Release */ = {
			isa = XCBuildConfiguration;
			buildSettings = {
				ALWAYS_SEARCH_USER_PATHS = NO;
				ASSETCATALOG_COMPILER_GENERATE_SWIFT_ASSET_SYMBOL_EXTENSIONS = YES;
				CLANG_ANALYZER_NONNULL = YES;
				CLANG_ANALYZER_NUMBER_OBJECT_CONVERSION = YES_AGGRESSIVE;
				CLANG_CXX_LANGUAGE_STANDARD = "gnu++20";
				CLANG_ENABLE_MODULES = YES;
				CLANG_ENABLE_OBJC_ARC = YES;
				CLANG_ENABLE_OBJC_WEAK = YES;
				CLANG_WARN_BLOCK_CAPTURE_AUTORELEASING = YES;
				CLANG_WARN_BOOL_CONVERSION = YES;
				CLANG_WARN_COMMA = YES;
				CLANG_WARN_CONSTANT_CONVERSION = YES;
				CLANG_WARN_DEPRECATED_OBJC_IMPLEMENTATIONS = YES;
				CLANG_WARN_DIRECT_OBJC_ISA_USAGE = YES_ERROR;
				CLANG_WARN_DOCUMENTATION_COMMENTS = YES;
				CLANG_WARN_EMPTY_BODY = YES;
				CLANG_WARN_ENUM_CONVERSION = YES;
				CLANG_WARN_INFINITE_RECURSION = YES;
				CLANG_WARN_INT_CONVERSION = YES;
				CLANG_WARN_NON_LITERAL_NULL_CONVERSION = YES;
				CLANG_WARN_OBJC_IMPLICIT_RETAIN_SELF = YES;
				CLANG_WARN_OBJC_LITERAL_CONVERSION = YES;
				CLANG_WARN_OBJC_ROOT_CLASS = YES_ERROR;
				CLANG_WARN_QUOTED_INCLUDE_IN_FRAMEWORK_HEADER = YES;
				CLANG_WARN_RANGE_LOOP_ANALYSIS = YES;
				CLANG_WARN_STRICT_PROTOTYPES = YES;
				CLANG_WARN_SUSPICIOUS_MOVE = YES;
				CLANG_WARN_UNGUARDED_AVAILABILITY = YES_AGGRESSIVE;
				CLANG_WARN_UNREACHABLE_CODE = YES;
				CLANG_WARN__DUPLICATE_METHOD_MATCH = YES;
				COPY_PHASE_STRIP = NO;
				DEBUG_INFORMATION_FORMAT = "dwarf-with-dsym";
				ENABLE_NS_ASSERTIONS = NO;
				ENABLE_STRICT_OBJC_MSGSEND = YES;
				ENABLE_USER_SCRIPT_SANDBOXING = YES;
				GCC_C_LANGUAGE_STANDARD = gnu17;
				GCC_NO_COMMON_BLOCKS = YES;
				GCC_WARN_64_TO_32_BIT_CONVERSION = YES;
				GCC_WARN_ABOUT_RETURN_TYPE = YES_ERROR;
				GCC_WARN_UNDECLARED_SELECTOR = YES;
				GCC_WARN_UNINITIALIZED_AUTOS = YES_AGGRESSIVE;
				GCC_WARN_UNUSED_FUNCTION = YES;
				GCC_WARN_UNUSED_VARIABLE = YES;
				LOCALIZATION_PREFERS_STRING_CATALOGS = YES;
				MACOSX_DEPLOYMENT_TARGET = 15.2;
				MTL_ENABLE_DEBUG_INFO = NO;
				MTL_FAST_MATH = YES;
				SDKROOT = macosx;
				SWIFT_COMPILATION_MODE = wholemodule;
			};
			name = Release;
		};
		C55B136B2D87CDAE00E77939 /* Debug */ = {
			isa = XCBuildConfiguration;
			buildSettings = {
				ASSETCATALOG_COMPILER_APPICON_NAME = AppIcon;
				ASSETCATALOG_COMPILER_GLOBAL_ACCENT_COLOR_NAME = AccentColor;
				CODE_SIGN_ENTITLEMENTS = MCPExample/MCPExample.entitlements;
				CODE_SIGN_STYLE = Automatic;
				COMBINE_HIDPI_IMAGES = YES;
				CURRENT_PROJECT_VERSION = 1;
				DEVELOPMENT_ASSET_PATHS = "\"MCPExample/Preview Content\"";
				DEVELOPMENT_TEAM = T68Z94627S;
				ENABLE_HARDENED_RUNTIME = YES;
				ENABLE_PREVIEWS = YES;
				GENERATE_INFOPLIST_FILE = YES;
				INFOPLIST_KEY_CFBundleDisplayName = MCPExample;
				INFOPLIST_KEY_LSApplicationCategoryType = "public.app-category.utilities";
				INFOPLIST_KEY_NSHumanReadableCopyright = "";
				LD_RUNPATH_SEARCH_PATHS = (
					"$(inherited)",
					"@executable_path/../Frameworks",
				);
				MARKETING_VERSION = 1.0;
				PRODUCT_BUNDLE_IDENTIFIER = com.milestonemade.MCPExample;
				PRODUCT_NAME = "$(TARGET_NAME)";
				SWIFT_EMIT_LOC_STRINGS = YES;
				SWIFT_VERSION = 5.0;
			};
			name = Debug;
		};
		C55B136C2D87CDAE00E77939 /* Release */ = {
			isa = XCBuildConfiguration;
			buildSettings = {
				ASSETCATALOG_COMPILER_APPICON_NAME = AppIcon;
				ASSETCATALOG_COMPILER_GLOBAL_ACCENT_COLOR_NAME = AccentColor;
				CODE_SIGN_ENTITLEMENTS = MCPExample/MCPExample.entitlements;
				CODE_SIGN_STYLE = Automatic;
				COMBINE_HIDPI_IMAGES = YES;
				CURRENT_PROJECT_VERSION = 1;
				DEVELOPMENT_ASSET_PATHS = "\"MCPExample/Preview Content\"";
				DEVELOPMENT_TEAM = T68Z94627S;
				ENABLE_HARDENED_RUNTIME = YES;
				ENABLE_PREVIEWS = YES;
				GENERATE_INFOPLIST_FILE = YES;
				INFOPLIST_KEY_CFBundleDisplayName = MCPExample;
				INFOPLIST_KEY_LSApplicationCategoryType = "public.app-category.utilities";
				INFOPLIST_KEY_NSHumanReadableCopyright = "";
				LD_RUNPATH_SEARCH_PATHS = (
					"$(inherited)",
					"@executable_path/../Frameworks",
				);
				MARKETING_VERSION = 1.0;
				PRODUCT_BUNDLE_IDENTIFIER = com.milestonemade.MCPExample;
				PRODUCT_NAME = "$(TARGET_NAME)";
				SWIFT_EMIT_LOC_STRINGS = YES;
				SWIFT_VERSION = 5.0;
			};
			name = Release;
		};
		C55B13A22D87D0F100E77939 /* Debug */ = {
			isa = XCBuildConfiguration;
			buildSettings = {
				CODE_SIGN_ENTITLEMENTS = "mcp-helper/mcp-helper.entitlements";
				CODE_SIGN_INJECT_BASE_ENTITLEMENTS = NO;
				CODE_SIGN_STYLE = Automatic;
				CREATE_INFOPLIST_SECTION_IN_BINARY = YES;
				DEVELOPMENT_TEAM = T68Z94627S;
				ENABLE_HARDENED_RUNTIME = YES;
				GENERATE_INFOPLIST_FILE = YES;
				OTHER_CODE_SIGN_FLAGS = "$(inherited) -i $(PRODUCT_BUNDLE_IDENTIFIER)";
				PRODUCT_BUNDLE_IDENTIFIER = "com.milestonemade.MCPExample.mcp-helper";
				PRODUCT_NAME = "$(TARGET_NAME)";
				SKIP_INSTALL = YES;
				SWIFT_VERSION = 5.0;
			};
			name = Debug;
		};
		C55B13A32D87D0F100E77939 /* Release */ = {
			isa = XCBuildConfiguration;
			buildSettings = {
				CODE_SIGN_ENTITLEMENTS = "mcp-helper/mcp-helper.entitlements";
				CODE_SIGN_INJECT_BASE_ENTITLEMENTS = NO;
				CODE_SIGN_STYLE = Automatic;
				CREATE_INFOPLIST_SECTION_IN_BINARY = YES;
				DEVELOPMENT_TEAM = T68Z94627S;
				ENABLE_HARDENED_RUNTIME = YES;
				GENERATE_INFOPLIST_FILE = YES;
				OTHER_CODE_SIGN_FLAGS = "$(inherited) -i $(PRODUCT_BUNDLE_IDENTIFIER)";
				PRODUCT_BUNDLE_IDENTIFIER = "com.milestonemade.MCPExample.mcp-helper";
				PRODUCT_NAME = "$(TARGET_NAME)";
				SKIP_INSTALL = YES;
				SWIFT_VERSION = 5.0;
			};
			name = Release;
		};
/* End XCBuildConfiguration section */

/* Begin XCConfigurationList section */
		C55B13562D87CDAC00E77939 /* Build configuration list for PBXProject "MCPExample" */ = {
			isa = XCConfigurationList;
			buildConfigurations = (
				C55B13682D87CDAE00E77939 /* Debug */,
				C55B13692D87CDAE00E77939 /* Release */,
			);
			defaultConfigurationIsVisible = 0;
			defaultConfigurationName = Release;
		};
		C55B136A2D87CDAE00E77939 /* Build configuration list for PBXNativeTarget "MCPExample" */ = {
			isa = XCConfigurationList;
			buildConfigurations = (
				C55B136B2D87CDAE00E77939 /* Debug */,
				C55B136C2D87CDAE00E77939 /* Release */,
			);
			defaultConfigurationIsVisible = 0;
			defaultConfigurationName = Release;
		};
		C55B13A42D87D0F100E77939 /* Build configuration list for PBXNativeTarget "mcp-helper" */ = {
			isa = XCConfigurationList;
			buildConfigurations = (
				C55B13A22D87D0F100E77939 /* Debug */,
				C55B13A32D87D0F100E77939 /* Release */,
			);
			defaultConfigurationIsVisible = 0;
			defaultConfigurationName = Release;
		};
/* End XCConfigurationList section */

/* Begin XCLocalSwiftPackageReference section */
		C55B136D2D87CE7600E77939 /* XCLocalSwiftPackageReference "../../mcp-template" */ = {
			isa = XCLocalSwiftPackageReference;
			relativePath = "../../mcp-template";
		};
/* End XCLocalSwiftPackageReference section */

/* Begin XCRemoteSwiftPackageReference section */
		C5F326F72D87DC25000D77C6 /* XCRemoteSwiftPackageReference "swift-argument-parser" */ = {
			isa = XCRemoteSwiftPackageReference;
			repositoryURL = "https://github.com/apple/swift-argument-parser.git";
			requirement = {
				kind = upToNextMajorVersion;
				minimumVersion = 1.5.0;
			};
		};
/* End XCRemoteSwiftPackageReference section */

/* Begin XCSwiftPackageProductDependency section */
		C5F326F82D87DC25000D77C6 /* ArgumentParser */ = {
			isa = XCSwiftPackageProductDependency;
			package = C5F326F72D87DC25000D77C6 /* XCRemoteSwiftPackageReference "swift-argument-parser" */;
			productName = ArgumentParser;
		};
		C5F326FB2D87DC41000D77C6 /* EasyMCP */ = {
			isa = XCSwiftPackageProductDependency;
			package = C55B136D2D87CE7600E77939 /* XCLocalSwiftPackageReference "../../mcp-template" */;
			productName = EasyMCP;
		};
/* End XCSwiftPackageProductDependency section */
	};
	rootObject = C55B13532D87CDAC00E77939 /* Project object */;
}
